
Microsoft Visual Studio Solution File, Format Version 12.00
# Visual Studio 15
VisualStudioVersion = 15.0.27703.2000
MinimumVisualStudioVersion = 10.0.40219.1
Project("{FAE04EC0-301F-11D3-BF4B-00C04F79EFBC}") = "EducationalPratice_Task_9", "EducationalPratice_Task_9\EducationalPratice_Task_9.csproj", "{FD6199F1-EA32-4349-AEE6-27A75F676770}"
EndProject
Global
	GlobalSection(SolutionConfigurationPlatforms) = preSolution
		Debug|Any CPU = Debug|Any CPU
		Release|Any CPU = Release|Any CPU
	EndGlobalSection
	GlobalSection(ProjectConfigurationPlatforms) = postSolution
		{FD6199F1-EA32-4349-AEE6-27A75F676770}.Debug|Any CPU.ActiveCfg = Debug|Any CPU
		{FD6199F1-EA32-4349-AEE6-27A75F676770}.Debug|Any CPU.Build.0 = Debug|Any CPU
		{FD6199F1-EA32-4349-AEE6-27A75F676770}.Release|Any CPU.ActiveCfg = Release|Any CPU
		{FD6199F1-EA32-4349-AEE6-27A75F676770}.Release|Any CPU.Build.0 = Release|Any CPU
	EndGlobalSection
	GlobalSection(SolutionProperties) = preSolution
		HideSolutionNode = FALSE
	EndGlobalSection
	GlobalSection(ExtensibilityGlobals) = postSolution
		SolutionGuid = {FF9F9378-73F9-40CA-B3EB-EC17CA8734BC}
	EndGlobalSection
EndGlobal
